{
  "version": 4,
  "terraform_version": "1.4.6",
  "serial": 14,
  "lineage": "473d706d-9c8f-462b-8401-597e27c1cddd",
  "outputs": {
    "endpoint": {
      "value": "https://6FCD6C19864A3E994927FB3275B8EC3A.gr7.us-east-1.eks.amazonaws.com",
      "type": "string"
    },
    "kubeconfig-certificate-authority-data": {
      "value": "LS0tLS1CRUdJTiBDRVJUSUZJQ0FURS0tLS0tCk1JSUMvakNDQWVhZ0F3SUJBZ0lCQURBTkJna3Foa2lHOXcwQkFRc0ZBREFWTVJNd0VRWURWUVFERXdwcmRXSmwKY201bGRHVnpNQjRYRFRJek1EVXhPVEU1TVRBeE5Wb1hEVE16TURVeE5qRTVNVEF4TlZvd0ZURVRNQkVHQTFVRQpBeE1LYTNWaVpYSnVaWFJsY3pDQ0FTSXdEUVlKS29aSWh2Y05BUUVCQlFBRGdnRVBBRENDQVFvQ2dnRUJBTFlYCnlRWWIyMnV4RkFETDhXRU16cFlkVVFLUVo0TnpLay9zaHpVQlhSZ0gwajJ0QklWRTgxL2F5NUdVS3JGTWZXeEsKdUVKdStIdFU5MDJsRjNMUVpkL0RVVytmd3VzOEtUSFBEWit2aVJyTEc2TWlFcnd0am1MeXNDZGNlMXdzSVoweQpISGVrclJtZ2o4ZHlvcXNxMjFjdW1qNG85VndrK0RaOHlRaUlPbVc2RGhLS0lXVk5zbWF6MkxDUnREenZtcDJNCjlJMEl0QTNLTytXWU82WEwzOG1uS0RqMVhIVXgrNkFJMFk2dGMyT1dnWWJWR0pnd1lFNEF0d0M3ZXE1cWJtaHIKbWZzdXZiQ1FBNDZFeENHU3lWZGdlNE5sNWQ2alFoVHltS2tIYlNlUTNGalUyOTYvUU1POTNoVjRHNzZkQUdWTQpCTnBIT0J4cWVObXV0RHZ5bHNNQ0F3RUFBYU5aTUZjd0RnWURWUjBQQVFIL0JBUURBZ0trTUE4R0ExVWRFd0VCCi93UUZNQU1CQWY4d0hRWURWUjBPQkJZRUZOVmYxdFF2WjQwZUEwSGpjdFZMRnhvM2lqT0FNQlVHQTFVZEVRUU8KTUF5Q0NtdDFZbVZ5Ym1WMFpYTXdEUVlKS29aSWh2Y05BUUVMQlFBRGdnRUJBSW5ja2dYS0duSGJzQ3dXZ3B6SQpjcGZUdnM5R3drYnB3bUxsVms4eFdmUHFMeG95NGt1UURvSUovY2hTZDV5dVZ0SmRUQ21WQXVYdkZ0alVYcFNjCkJzdmdNS3dWa1NTYXU5ZHBweWlOZDlXekdoUC9sUE1vK1lGYmlFNWxPdzhDRmFYdURwT3VjeTFxaGl0KzdGT0QKa2llbTE2N21ZQzM4OW5ZWmpnZE9XYVV1NHBlMjB0REh1U2FrdldNcWdta2JvSkRKcTR1MVpFbEJGcTFXYVlaRgpicFVUWHJCOUVaem9sTCtYL05kQU4xOGkrUGlmejlONnM4TC9pVHdyeitab0RmWWo1dUNiRVFiV242ZkREcjR1CndoN21NRlo4LzRRS0Rmdzd6RENTWWwySzFqTi9tSU5peTJieUdmVVF0VWtwazVsSnZRLzhDSklETk81UzFHOEsKb0VzPQotLS0tLUVORCBDRVJUSUZJQ0FURS0tLS0tCg==",
      "type": "string"
    }
  },
  "resources": [
    {
      "mode": "data",
      "type": "aws_iam_policy_document",
      "name": "assume_role",
      "provider": "provider[\"registry.terraform.io/hashicorp/aws\"]",
      "instances": [
        {
          "schema_version": 0,
          "attributes": {
            "id": "189502314",
            "json": "{\n  \"Version\": \"2012-10-17\",\n  \"Statement\": [\n    {\n      \"Sid\": \"\",\n      \"Effect\": \"Allow\",\n      \"Action\": \"sts:AssumeRole\",\n      \"Principal\": {\n        \"Service\": \"eks.amazonaws.com\"\n      }\n    }\n  ]\n}",
            "override_json": null,
            "override_policy_documents": null,
            "policy_id": null,
            "source_json": null,
            "source_policy_documents": null,
            "statement": [
              {
                "actions": [
                  "sts:AssumeRole"
                ],
                "condition": [],
                "effect": "Allow",
                "not_actions": [],
                "not_principals": [],
                "not_resources": [],
                "principals": [
                  {
                    "identifiers": [
                      "eks.amazonaws.com"
                    ],
                    "type": "Service"
                  }
                ],
                "resources": [],
                "sid": ""
              }
            ],
            "version": "2012-10-17"
          },
          "sensitive_attributes": []
        }
      ]
    },
    {
      "mode": "data",
      "type": "aws_key_pair",
      "name": "General",
      "provider": "provider[\"registry.terraform.io/hashicorp/aws\"]",
      "instances": [
        {
          "schema_version": 0,
          "attributes": {
            "arn": "arn:aws:ec2:us-east-1:444111902994:key-pair/General",
            "create_time": "2022-11-25T21:10:40Z",
            "filter": null,
            "fingerprint": "f9:91:5c:a8:b9:a9:8c:60:55:c1:2e:13:f3:a8:d1:73:3d:43:51:11",
            "id": "key-0c72a6ce7123ba941",
            "include_public_key": false,
            "key_name": "General",
            "key_pair_id": "key-0c72a6ce7123ba941",
            "key_type": "rsa",
            "public_key": "",
            "tags": {},
            "timeouts": null
          },
          "sensitive_attributes": []
        }
      ]
    },
    {
      "mode": "data",
      "type": "aws_subnet",
      "name": "subnet1",
      "provider": "provider[\"registry.terraform.io/hashicorp/aws\"]",
      "instances": [
        {
          "schema_version": 0,
          "attributes": {
            "arn": "arn:aws:ec2:us-east-1:444111902994:subnet/subnet-028ae406c05c1e4a4",
            "assign_ipv6_address_on_creation": false,
            "availability_zone": "us-east-1a",
            "availability_zone_id": "use1-az4",
            "available_ip_address_count": 4090,
            "cidr_block": "172.31.0.0/20",
            "customer_owned_ipv4_pool": "",
            "default_for_az": true,
            "enable_dns64": false,
            "enable_lni_at_device_index": 0,
            "enable_resource_name_dns_a_record_on_launch": false,
            "enable_resource_name_dns_aaaa_record_on_launch": false,
            "filter": null,
            "id": "subnet-028ae406c05c1e4a4",
            "ipv6_cidr_block": "",
            "ipv6_cidr_block_association_id": "",
            "ipv6_native": false,
            "map_customer_owned_ip_on_launch": false,
            "map_public_ip_on_launch": true,
            "outpost_arn": "",
            "owner_id": "444111902994",
            "private_dns_hostname_type_on_launch": "ip-name",
            "state": "available",
            "tags": {},
            "timeouts": null,
            "vpc_id": "vpc-0a50cb1d31f2ccf1a"
          },
          "sensitive_attributes": []
        }
      ]
    },
    {
      "mode": "data",
      "type": "aws_subnet",
      "name": "subnet2",
      "provider": "provider[\"registry.terraform.io/hashicorp/aws\"]",
      "instances": [
        {
          "schema_version": 0,
          "attributes": {
            "arn": "arn:aws:ec2:us-east-1:444111902994:subnet/subnet-0e27c9e5de47d0a7b",
            "assign_ipv6_address_on_creation": false,
            "availability_zone": "us-east-1c",
            "availability_zone_id": "use1-az1",
            "available_ip_address_count": 4091,
            "cidr_block": "172.31.32.0/20",
            "customer_owned_ipv4_pool": "",
            "default_for_az": true,
            "enable_dns64": false,
            "enable_lni_at_device_index": 0,
            "enable_resource_name_dns_a_record_on_launch": false,
            "enable_resource_name_dns_aaaa_record_on_launch": false,
            "filter": null,
            "id": "subnet-0e27c9e5de47d0a7b",
            "ipv6_cidr_block": "",
            "ipv6_cidr_block_association_id": "",
            "ipv6_native": false,
            "map_customer_owned_ip_on_launch": false,
            "map_public_ip_on_launch": true,
            "outpost_arn": "",
            "owner_id": "444111902994",
            "private_dns_hostname_type_on_launch": "ip-name",
            "state": "available",
            "tags": {},
            "timeouts": null,
            "vpc_id": "vpc-0a50cb1d31f2ccf1a"
          },
          "sensitive_attributes": []
        }
      ]
    },
    {
      "mode": "managed",
      "type": "aws_eks_cluster",
      "name": "k8s",
      "provider": "provider[\"registry.terraform.io/hashicorp/aws\"]",
      "instances": [
        {
          "schema_version": 0,
          "attributes": {
            "arn": "arn:aws:eks:us-east-1:444111902994:cluster/k8s",
            "certificate_authority": [
              {
                "data": "LS0tLS1CRUdJTiBDRVJUSUZJQ0FURS0tLS0tCk1JSUMvakNDQWVhZ0F3SUJBZ0lCQURBTkJna3Foa2lHOXcwQkFRc0ZBREFWTVJNd0VRWURWUVFERXdwcmRXSmwKY201bGRHVnpNQjRYRFRJek1EVXhPVEU1TVRBeE5Wb1hEVE16TURVeE5qRTVNVEF4TlZvd0ZURVRNQkVHQTFVRQpBeE1LYTNWaVpYSnVaWFJsY3pDQ0FTSXdEUVlKS29aSWh2Y05BUUVCQlFBRGdnRVBBRENDQVFvQ2dnRUJBTFlYCnlRWWIyMnV4RkFETDhXRU16cFlkVVFLUVo0TnpLay9zaHpVQlhSZ0gwajJ0QklWRTgxL2F5NUdVS3JGTWZXeEsKdUVKdStIdFU5MDJsRjNMUVpkL0RVVytmd3VzOEtUSFBEWit2aVJyTEc2TWlFcnd0am1MeXNDZGNlMXdzSVoweQpISGVrclJtZ2o4ZHlvcXNxMjFjdW1qNG85VndrK0RaOHlRaUlPbVc2RGhLS0lXVk5zbWF6MkxDUnREenZtcDJNCjlJMEl0QTNLTytXWU82WEwzOG1uS0RqMVhIVXgrNkFJMFk2dGMyT1dnWWJWR0pnd1lFNEF0d0M3ZXE1cWJtaHIKbWZzdXZiQ1FBNDZFeENHU3lWZGdlNE5sNWQ2alFoVHltS2tIYlNlUTNGalUyOTYvUU1POTNoVjRHNzZkQUdWTQpCTnBIT0J4cWVObXV0RHZ5bHNNQ0F3RUFBYU5aTUZjd0RnWURWUjBQQVFIL0JBUURBZ0trTUE4R0ExVWRFd0VCCi93UUZNQU1CQWY4d0hRWURWUjBPQkJZRUZOVmYxdFF2WjQwZUEwSGpjdFZMRnhvM2lqT0FNQlVHQTFVZEVRUU8KTUF5Q0NtdDFZbVZ5Ym1WMFpYTXdEUVlKS29aSWh2Y05BUUVMQlFBRGdnRUJBSW5ja2dYS0duSGJzQ3dXZ3B6SQpjcGZUdnM5R3drYnB3bUxsVms4eFdmUHFMeG95NGt1UURvSUovY2hTZDV5dVZ0SmRUQ21WQXVYdkZ0alVYcFNjCkJzdmdNS3dWa1NTYXU5ZHBweWlOZDlXekdoUC9sUE1vK1lGYmlFNWxPdzhDRmFYdURwT3VjeTFxaGl0KzdGT0QKa2llbTE2N21ZQzM4OW5ZWmpnZE9XYVV1NHBlMjB0REh1U2FrdldNcWdta2JvSkRKcTR1MVpFbEJGcTFXYVlaRgpicFVUWHJCOUVaem9sTCtYL05kQU4xOGkrUGlmejlONnM4TC9pVHdyeitab0RmWWo1dUNiRVFiV242ZkREcjR1CndoN21NRlo4LzRRS0Rmdzd6RENTWWwySzFqTi9tSU5peTJieUdmVVF0VWtwazVsSnZRLzhDSklETk81UzFHOEsKb0VzPQotLS0tLUVORCBDRVJUSUZJQ0FURS0tLS0tCg=="
              }
            ],
            "cluster_id": null,
            "created_at": "2023-05-19 19:03:59.271 +0000 UTC",
            "enabled_cluster_log_types": null,
            "encryption_config": [],
            "endpoint": "https://6FCD6C19864A3E994927FB3275B8EC3A.gr7.us-east-1.eks.amazonaws.com",
            "id": "k8s",
            "identity": [
              {
                "oidc": [
                  {
                    "issuer": "https://oidc.eks.us-east-1.amazonaws.com/id/6FCD6C19864A3E994927FB3275B8EC3A"
                  }
                ]
              }
            ],
            "kubernetes_network_config": [
              {
                "ip_family": "ipv4",
                "service_ipv4_cidr": "10.100.0.0/16",
                "service_ipv6_cidr": ""
              }
            ],
            "name": "k8s",
            "outpost_config": [],
            "platform_version": "eks.2",
            "role_arn": "arn:aws:iam::444111902994:role/EKSClusterRole",
            "status": "ACTIVE",
            "tags": null,
            "tags_all": {},
            "timeouts": null,
            "version": "1.26",
            "vpc_config": [
              {
                "cluster_security_group_id": "sg-0abd1e99ba9befe97",
                "endpoint_private_access": false,
                "endpoint_public_access": true,
                "public_access_cidrs": [
                  "0.0.0.0/0"
                ],
                "security_group_ids": null,
                "subnet_ids": [
                  "subnet-028ae406c05c1e4a4",
                  "subnet-0e27c9e5de47d0a7b"
                ],
                "vpc_id": "vpc-0a50cb1d31f2ccf1a"
              }
            ]
          },
          "sensitive_attributes": [],
          "private": "eyJlMmJmYjczMC1lY2FhLTExZTYtOGY4OC0zNDM2M2JjN2M0YzAiOnsiY3JlYXRlIjoxODAwMDAwMDAwMDAwLCJkZWxldGUiOjkwMDAwMDAwMDAwMCwidXBkYXRlIjozNjAwMDAwMDAwMDAwfX0=",
          "dependencies": [
            "aws_iam_role.eks_cluster_role",
            "aws_iam_role_policy_attachment.AmazonEKSClusterPolicy",
            "aws_iam_role_policy_attachment.AmazonEKSVPCResourceController",
            "data.aws_iam_policy_document.assume_role",
            "data.aws_subnet.subnet1",
            "data.aws_subnet.subnet2"
          ]
        }
      ]
    },
    {
      "mode": "managed",
      "type": "aws_iam_role",
      "name": "eks_cluster_role",
      "provider": "provider[\"registry.terraform.io/hashicorp/aws\"]",
      "instances": [
        {
          "schema_version": 0,
          "attributes": {
            "arn": "arn:aws:iam::444111902994:role/EKSClusterRole",
            "assume_role_policy": "{\"Statement\":[{\"Action\":\"sts:AssumeRole\",\"Effect\":\"Allow\",\"Principal\":{\"Service\":\"eks.amazonaws.com\"},\"Sid\":\"\"}],\"Version\":\"2012-10-17\"}",
            "create_date": "2023-05-19T19:03:56Z",
            "description": "",
            "force_detach_policies": false,
            "id": "EKSClusterRole",
            "inline_policy": [],
            "managed_policy_arns": [],
            "max_session_duration": 3600,
            "name": "EKSClusterRole",
            "name_prefix": "",
            "path": "/",
            "permissions_boundary": null,
            "role_last_used": [
              {
                "last_used_date": "",
                "region": ""
              }
            ],
            "tags": null,
            "tags_all": {},
            "unique_id": "AROAWOZZB3EJAPNYHZMMY"
          },
          "sensitive_attributes": [],
          "private": "bnVsbA==",
          "dependencies": [
            "data.aws_iam_policy_document.assume_role"
          ]
        }
      ]
    },
    {
      "mode": "managed",
      "type": "aws_iam_role_policy_attachment",
      "name": "AmazonEKSClusterPolicy",
      "provider": "provider[\"registry.terraform.io/hashicorp/aws\"]",
      "instances": [
        {
          "schema_version": 0,
          "attributes": {
            "id": "EKSClusterRole-20230519190356761200000001",
            "policy_arn": "arn:aws:iam::aws:policy/AmazonEKSClusterPolicy",
            "role": "EKSClusterRole"
          },
          "sensitive_attributes": [],
          "private": "bnVsbA==",
          "dependencies": [
            "aws_iam_role.eks_cluster_role",
            "data.aws_iam_policy_document.assume_role"
          ]
        }
      ]
    },
    {
      "mode": "managed",
      "type": "aws_iam_role_policy_attachment",
      "name": "AmazonEKSVPCResourceController",
      "provider": "provider[\"registry.terraform.io/hashicorp/aws\"]",
      "instances": [
        {
          "schema_version": 0,
          "attributes": {
            "id": "EKSClusterRole-20230519190356951200000002",
            "policy_arn": "arn:aws:iam::aws:policy/AmazonEKSVPCResourceController",
            "role": "EKSClusterRole"
          },
          "sensitive_attributes": [],
          "private": "bnVsbA==",
          "dependencies": [
            "aws_iam_role.eks_cluster_role",
            "data.aws_iam_policy_document.assume_role"
          ]
        }
      ]
    },
    {
      "mode": "managed",
      "type": "aws_instance",
      "name": "app_server",
      "provider": "provider[\"registry.terraform.io/hashicorp/aws\"]",
      "instances": [
        {
          "schema_version": 1,
          "attributes": {
            "ami": "ami-0fec2c2e2017f4e7b",
            "arn": "arn:aws:ec2:us-east-1:444111902994:instance/i-0acb14e18b330d1cb",
            "associate_public_ip_address": true,
            "availability_zone": "us-east-1a",
            "capacity_reservation_specification": [
              {
                "capacity_reservation_preference": "open",
                "capacity_reservation_target": []
              }
            ],
            "cpu_core_count": 1,
            "cpu_options": [
              {
                "amd_sev_snp": "",
                "core_count": 1,
                "threads_per_core": 2
              }
            ],
            "cpu_threads_per_core": 2,
            "credit_specification": [
              {
                "cpu_credits": "unlimited"
              }
            ],
            "disable_api_stop": false,
            "disable_api_termination": false,
            "ebs_block_device": [],
            "ebs_optimized": false,
            "enclave_options": [
              {
                "enabled": false
              }
            ],
            "ephemeral_block_device": [],
            "get_password_data": false,
            "hibernation": false,
            "host_id": "",
            "host_resource_group_arn": null,
            "iam_instance_profile": "",
            "id": "i-0acb14e18b330d1cb",
            "instance_initiated_shutdown_behavior": "stop",
            "instance_state": "running",
            "instance_type": "t3.micro",
            "ipv6_address_count": 0,
            "ipv6_addresses": [],
            "key_name": "General",
            "launch_template": [],
            "maintenance_options": [
              {
                "auto_recovery": "default"
              }
            ],
            "metadata_options": [
              {
                "http_endpoint": "enabled",
                "http_put_response_hop_limit": 1,
                "http_tokens": "optional",
                "instance_metadata_tags": "disabled"
              }
            ],
            "monitoring": false,
            "network_interface": [],
            "outpost_arn": "",
            "password_data": "",
            "placement_group": "",
            "placement_partition_number": 0,
            "primary_network_interface_id": "eni-07c6824a29c5353ea",
            "private_dns": "ip-172-31-13-171.ec2.internal",
            "private_dns_name_options": [
              {
                "enable_resource_name_dns_a_record": false,
                "enable_resource_name_dns_aaaa_record": false,
                "hostname_type": "ip-name"
              }
            ],
            "private_ip": "172.31.13.171",
            "public_dns": "ec2-34-227-71-236.compute-1.amazonaws.com",
            "public_ip": "34.227.71.236",
            "root_block_device": [
              {
                "delete_on_termination": true,
                "device_name": "/dev/xvda",
                "encrypted": false,
                "iops": 100,
                "kms_key_id": "",
                "tags": {},
                "throughput": 0,
                "volume_id": "vol-01a2162898953a7cb",
                "volume_size": 8,
                "volume_type": "gp2"
              }
            ],
            "secondary_private_ips": [],
            "security_groups": [
              "default"
            ],
            "source_dest_check": true,
            "subnet_id": "subnet-028ae406c05c1e4a4",
            "tags": {
              "Name": "Jenkins"
            },
            "tags_all": {
              "Name": "Jenkins"
            },
            "tenancy": "default",
            "timeouts": null,
            "user_data": null,
            "user_data_base64": null,
            "user_data_replace_on_change": false,
            "volume_tags": null,
            "vpc_security_group_ids": [
              "sg-0e6645277f45548a8"
            ]
          },
          "sensitive_attributes": [],
          "private": "eyJlMmJmYjczMC1lY2FhLTExZTYtOGY4OC0zNDM2M2JjN2M0YzAiOnsiY3JlYXRlIjo2MDAwMDAwMDAwMDAsImRlbGV0ZSI6MTIwMDAwMDAwMDAwMCwidXBkYXRlIjo2MDAwMDAwMDAwMDB9LCJzY2hlbWFfdmVyc2lvbiI6IjEifQ==",
          "dependencies": [
            "data.aws_key_pair.General"
          ]
        }
      ]
    }
  ],
  "check_results": null
}
